// !$*UTF8*$!
{
	archiveVersion = 1;
	classes = {
	};
	objectVersion = 50;
	objects = {

/* Begin PBXBuildFile section */
		D629121E26AD35AA000C5732 /* AppDelegate.swift in Sources */ = {isa = PBXBuildFile; fileRef = D629121D26AD35AA000C5732 /* AppDelegate.swift */; };
		D629122026AD35AA000C5732 /* SceneDelegate.swift in Sources */ = {isa = PBXBuildFile; fileRef = D629121F26AD35AA000C5732 /* SceneDelegate.swift */; };
		D629122226AD35AB000C5732 /* FoodViewController.swift in Sources */ = {isa = PBXBuildFile; fileRef = D629122126AD35AB000C5732 /* FoodViewController.swift */; };
		D629122526AD35AB000C5732 /* Main.storyboard in Resources */ = {isa = PBXBuildFile; fileRef = D629122326AD35AB000C5732 /* Main.storyboard */; };
		D629122726AD35AC000C5732 /* Assets.xcassets in Resources */ = {isa = PBXBuildFile; fileRef = D629122626AD35AC000C5732 /* Assets.xcassets */; };
		D629122A26AD35AC000C5732 /* LaunchScreen.storyboard in Resources */ = {isa = PBXBuildFile; fileRef = D629122826AD35AC000C5732 /* LaunchScreen.storyboard */; };
		D629123526AD35AC000C5732 /* FoodyCookBookTests.swift in Sources */ = {isa = PBXBuildFile; fileRef = D629123426AD35AC000C5732 /* FoodyCookBookTests.swift */; };
		D629125026AD3CAF000C5732 /* SearchFoodViewController.swift in Sources */ = {isa = PBXBuildFile; fileRef = D629124F26AD3CAF000C5732 /* SearchFoodViewController.swift */; };
		D629125226AD3CC4000C5732 /* FavouriteFoodViewController.swift in Sources */ = {isa = PBXBuildFile; fileRef = D629125126AD3CC4000C5732 /* FavouriteFoodViewController.swift */; };
		D629125526AD3DE6000C5732 /* HomeViewController.swift in Sources */ = {isa = PBXBuildFile; fileRef = D629125426AD3DE6000C5732 /* HomeViewController.swift */; };
		D629125826AD3F76000C5732 /* UIViewController+Storyboard.swift in Sources */ = {isa = PBXBuildFile; fileRef = D629125726AD3F76000C5732 /* UIViewController+Storyboard.swift */; };
		D629125C26AD62DC000C5732 /* API.swift in Sources */ = {isa = PBXBuildFile; fileRef = D629125B26AD62DC000C5732 /* API.swift */; };
		D629125E26AD63FE000C5732 /* FoodAPI.swift in Sources */ = {isa = PBXBuildFile; fileRef = D629125D26AD63FE000C5732 /* FoodAPI.swift */; };
		D629126026AD68E1000C5732 /* NetworkManager.swift in Sources */ = {isa = PBXBuildFile; fileRef = D629125F26AD68E1000C5732 /* NetworkManager.swift */; };
		D629126226AD6CC8000C5732 /* UIImageView+Downloader.swift in Sources */ = {isa = PBXBuildFile; fileRef = D629126126AD6CC8000C5732 /* UIImageView+Downloader.swift */; };
		D629126426AD7000000C5732 /* LoadingIndicator.swift in Sources */ = {isa = PBXBuildFile; fileRef = D629126326AD7000000C5732 /* LoadingIndicator.swift */; };
		D629126626AD712A000C5732 /* LoadingIndicator_ActivityIndicator.swift in Sources */ = {isa = PBXBuildFile; fileRef = D629126526AD712A000C5732 /* LoadingIndicator_ActivityIndicator.swift */; };
		D629126826AD717E000C5732 /* Color+Extensions.swift in Sources */ = {isa = PBXBuildFile; fileRef = D629126726AD717E000C5732 /* Color+Extensions.swift */; };
		D629126A26AD7F15000C5732 /* Food.swift in Sources */ = {isa = PBXBuildFile; fileRef = D629126926AD7F15000C5732 /* Food.swift */; };
		D629126C26ADD453000C5732 /* FoodDetailView.swift in Sources */ = {isa = PBXBuildFile; fileRef = D629126B26ADD453000C5732 /* FoodDetailView.swift */; };
		D629126E26ADD575000C5732 /* ListView.swift in Sources */ = {isa = PBXBuildFile; fileRef = D629126D26ADD575000C5732 /* ListView.swift */; };
		D629127026ADDEB9000C5732 /* UIViewController+ChildController.swift in Sources */ = {isa = PBXBuildFile; fileRef = D629126F26ADDEB9000C5732 /* UIViewController+ChildController.swift */; };
		D629127D26ADEA1E000C5732 /* AsyncImage.swift in Sources */ = {isa = PBXBuildFile; fileRef = D629127C26ADEA1E000C5732 /* AsyncImage.swift */; };
		D63B9D8B26AEAF8B0037616C /* UIImage+Resize.swift in Sources */ = {isa = PBXBuildFile; fileRef = D63B9D8A26AEAF8B0037616C /* UIImage+Resize.swift */; };
		D63B9D8D26AEB4950037616C /* HeaderView.swift in Sources */ = {isa = PBXBuildFile; fileRef = D63B9D8C26AEB4950037616C /* HeaderView.swift */; };
		D63B9D8F26AED9D30037616C /* DescriptionView.swift in Sources */ = {isa = PBXBuildFile; fileRef = D63B9D8E26AED9D30037616C /* DescriptionView.swift */; };
		D63B9D9226AF02AA0037616C /* UIView+AutoLayout.swift in Sources */ = {isa = PBXBuildFile; fileRef = D63B9D9126AF02AA0037616C /* UIView+AutoLayout.swift */; };
		D63B9D9626AF06CD0037616C /* MealTableViewCell.swift in Sources */ = {isa = PBXBuildFile; fileRef = D63B9D9426AF06CD0037616C /* MealTableViewCell.swift */; };
		D63B9D9726AF06CD0037616C /* MealTableViewCell.xib in Resources */ = {isa = PBXBuildFile; fileRef = D63B9D9526AF06CD0037616C /* MealTableViewCell.xib */; };
/* End PBXBuildFile section */

/* Begin PBXContainerItemProxy section */
		D629123126AD35AC000C5732 /* PBXContainerItemProxy */ = {
			isa = PBXContainerItemProxy;
			containerPortal = D629121226AD35AA000C5732 /* Project object */;
			proxyType = 1;
			remoteGlobalIDString = D629121926AD35AA000C5732;
			remoteInfo = FoodyCookBook;
		};
/* End PBXContainerItemProxy section */

/* Begin PBXFileReference section */
		D629121A26AD35AA000C5732 /* FoodyCookBook.app */ = {isa = PBXFileReference; explicitFileType = wrapper.application; includeInIndex = 0; path = FoodyCookBook.app; sourceTree = BUILT_PRODUCTS_DIR; };
		D629121D26AD35AA000C5732 /* AppDelegate.swift */ = {isa = PBXFileReference; lastKnownFileType = sourcecode.swift; path = AppDelegate.swift; sourceTree = "<group>"; };
		D629121F26AD35AA000C5732 /* SceneDelegate.swift */ = {isa = PBXFileReference; lastKnownFileType = sourcecode.swift; path = SceneDelegate.swift; sourceTree = "<group>"; };
		D629122126AD35AB000C5732 /* FoodViewController.swift */ = {isa = PBXFileReference; lastKnownFileType = sourcecode.swift; path = FoodViewController.swift; sourceTree = "<group>"; };
		D629122426AD35AB000C5732 /* Base */ = {isa = PBXFileReference; lastKnownFileType = file.storyboard; name = Base; path = Base.lproj/Main.storyboard; sourceTree = "<group>"; };
		D629122626AD35AC000C5732 /* Assets.xcassets */ = {isa = PBXFileReference; lastKnownFileType = folder.assetcatalog; path = Assets.xcassets; sourceTree = "<group>"; };
		D629122926AD35AC000C5732 /* Base */ = {isa = PBXFileReference; lastKnownFileType = file.storyboard; name = Base; path = Base.lproj/LaunchScreen.storyboard; sourceTree = "<group>"; };
		D629122B26AD35AC000C5732 /* Info.plist */ = {isa = PBXFileReference; lastKnownFileType = text.plist.xml; path = Info.plist; sourceTree = "<group>"; };
		D629123026AD35AC000C5732 /* FoodyCookBookTests.xctest */ = {isa = PBXFileReference; explicitFileType = wrapper.cfbundle; includeInIndex = 0; path = FoodyCookBookTests.xctest; sourceTree = BUILT_PRODUCTS_DIR; };
		D629123426AD35AC000C5732 /* FoodyCookBookTests.swift */ = {isa = PBXFileReference; lastKnownFileType = sourcecode.swift; path = FoodyCookBookTests.swift; sourceTree = "<group>"; };
		D629123626AD35AC000C5732 /* Info.plist */ = {isa = PBXFileReference; lastKnownFileType = text.plist.xml; path = Info.plist; sourceTree = "<group>"; };
		D629124F26AD3CAF000C5732 /* SearchFoodViewController.swift */ = {isa = PBXFileReference; lastKnownFileType = sourcecode.swift; path = SearchFoodViewController.swift; sourceTree = "<group>"; };
		D629125126AD3CC4000C5732 /* FavouriteFoodViewController.swift */ = {isa = PBXFileReference; lastKnownFileType = sourcecode.swift; path = FavouriteFoodViewController.swift; sourceTree = "<group>"; };
		D629125426AD3DE6000C5732 /* HomeViewController.swift */ = {isa = PBXFileReference; lastKnownFileType = sourcecode.swift; path = HomeViewController.swift; sourceTree = "<group>"; };
		D629125726AD3F76000C5732 /* UIViewController+Storyboard.swift */ = {isa = PBXFileReference; lastKnownFileType = sourcecode.swift; path = "UIViewController+Storyboard.swift"; sourceTree = "<group>"; };
		D629125B26AD62DC000C5732 /* API.swift */ = {isa = PBXFileReference; lastKnownFileType = sourcecode.swift; path = API.swift; sourceTree = "<group>"; };
		D629125D26AD63FE000C5732 /* FoodAPI.swift */ = {isa = PBXFileReference; lastKnownFileType = sourcecode.swift; path = FoodAPI.swift; sourceTree = "<group>"; };
		D629125F26AD68E1000C5732 /* NetworkManager.swift */ = {isa = PBXFileReference; lastKnownFileType = sourcecode.swift; path = NetworkManager.swift; sourceTree = "<group>"; };
		D629126126AD6CC8000C5732 /* UIImageView+Downloader.swift */ = {isa = PBXFileReference; lastKnownFileType = sourcecode.swift; path = "UIImageView+Downloader.swift"; sourceTree = "<group>"; };
		D629126326AD7000000C5732 /* LoadingIndicator.swift */ = {isa = PBXFileReference; fileEncoding = 4; lastKnownFileType = sourcecode.swift; path = LoadingIndicator.swift; sourceTree = "<group>"; };
		D629126526AD712A000C5732 /* LoadingIndicator_ActivityIndicator.swift */ = {isa = PBXFileReference; fileEncoding = 4; lastKnownFileType = sourcecode.swift; path = LoadingIndicator_ActivityIndicator.swift; sourceTree = "<group>"; };
		D629126726AD717E000C5732 /* Color+Extensions.swift */ = {isa = PBXFileReference; fileEncoding = 4; lastKnownFileType = sourcecode.swift; path = "Color+Extensions.swift"; sourceTree = "<group>"; };
		D629126926AD7F15000C5732 /* Food.swift */ = {isa = PBXFileReference; lastKnownFileType = sourcecode.swift; path = Food.swift; sourceTree = "<group>"; };
		D629126B26ADD453000C5732 /* FoodDetailView.swift */ = {isa = PBXFileReference; lastKnownFileType = sourcecode.swift; path = FoodDetailView.swift; sourceTree = "<group>"; };
		D629126D26ADD575000C5732 /* ListView.swift */ = {isa = PBXFileReference; fileEncoding = 4; lastKnownFileType = sourcecode.swift; path = ListView.swift; sourceTree = "<group>"; };
		D629126F26ADDEB9000C5732 /* UIViewController+ChildController.swift */ = {isa = PBXFileReference; lastKnownFileType = sourcecode.swift; path = "UIViewController+ChildController.swift"; sourceTree = "<group>"; };
		D629127C26ADEA1E000C5732 /* AsyncImage.swift */ = {isa = PBXFileReference; lastKnownFileType = sourcecode.swift; path = AsyncImage.swift; sourceTree = "<group>"; };
		D63B9D8A26AEAF8B0037616C /* UIImage+Resize.swift */ = {isa = PBXFileReference; fileEncoding = 4; lastKnownFileType = sourcecode.swift; path = "UIImage+Resize.swift"; sourceTree = "<group>"; };
		D63B9D8C26AEB4950037616C /* HeaderView.swift */ = {isa = PBXFileReference; lastKnownFileType = sourcecode.swift; path = HeaderView.swift; sourceTree = "<group>"; };
		D63B9D8E26AED9D30037616C /* DescriptionView.swift */ = {isa = PBXFileReference; lastKnownFileType = sourcecode.swift; path = DescriptionView.swift; sourceTree = "<group>"; };
		D63B9D9126AF02AA0037616C /* UIView+AutoLayout.swift */ = {isa = PBXFileReference; lastKnownFileType = sourcecode.swift; path = "UIView+AutoLayout.swift"; sourceTree = "<group>"; };
		D63B9D9426AF06CD0037616C /* MealTableViewCell.swift */ = {isa = PBXFileReference; lastKnownFileType = sourcecode.swift; path = MealTableViewCell.swift; sourceTree = "<group>"; };
		D63B9D9526AF06CD0037616C /* MealTableViewCell.xib */ = {isa = PBXFileReference; lastKnownFileType = file.xib; path = MealTableViewCell.xib; sourceTree = "<group>"; };
/* End PBXFileReference section */

/* Begin PBXFrameworksBuildPhase section */
		D629121726AD35AA000C5732 /* Frameworks */ = {
			isa = PBXFrameworksBuildPhase;
			buildActionMask = 2147483647;
			files = (
			);
			runOnlyForDeploymentPostprocessing = 0;
		};
		D629122D26AD35AC000C5732 /* Frameworks */ = {
			isa = PBXFrameworksBuildPhase;
			buildActionMask = 2147483647;
			files = (
			);
			runOnlyForDeploymentPostprocessing = 0;
		};
/* End PBXFrameworksBuildPhase section */

/* Begin PBXGroup section */
		D629121126AD35AA000C5732 = {
			isa = PBXGroup;
			children = (
				D629121C26AD35AA000C5732 /* FoodyCookBook */,
				D629123326AD35AC000C5732 /* FoodyCookBookTests */,
				D629121B26AD35AA000C5732 /* Products */,
			);
			sourceTree = "<group>";
		};
		D629121B26AD35AA000C5732 /* Products */ = {
			isa = PBXGroup;
			children = (
				D629121A26AD35AA000C5732 /* FoodyCookBook.app */,
				D629123026AD35AC000C5732 /* FoodyCookBookTests.xctest */,
			);
			name = Products;
			sourceTree = "<group>";
		};
		D629121C26AD35AA000C5732 /* FoodyCookBook */ = {
			isa = PBXGroup;
			children = (
				D629121D26AD35AA000C5732 /* AppDelegate.swift */,
				D629121F26AD35AA000C5732 /* SceneDelegate.swift */,
				D629124D26AD3C2D000C5732 /* ViewControllers */,
				D629125326AD3CCA000C5732 /* View */,
				D63B9D9326AF065B0037616C /* XIBs */,
				D629125626AD3EF6000C5732 /* Utilities */,
				D629125926AD4F1B000C5732 /* Network */,
				D629125A26AD4F44000C5732 /* Model */,
				D629124E26AD3C4C000C5732 /* Stroyboards */,
				D629122626AD35AC000C5732 /* Assets.xcassets */,
				D629122B26AD35AC000C5732 /* Info.plist */,
			);
			path = FoodyCookBook;
			sourceTree = "<group>";
		};
		D629123326AD35AC000C5732 /* FoodyCookBookTests */ = {
			isa = PBXGroup;
			children = (
				D629123426AD35AC000C5732 /* FoodyCookBookTests.swift */,
				D629123626AD35AC000C5732 /* Info.plist */,
			);
			path = FoodyCookBookTests;
			sourceTree = "<group>";
		};
		D629124D26AD3C2D000C5732 /* ViewControllers */ = {
			isa = PBXGroup;
			children = (
				D629125426AD3DE6000C5732 /* HomeViewController.swift */,
				D629122126AD35AB000C5732 /* FoodViewController.swift */,
				D629124F26AD3CAF000C5732 /* SearchFoodViewController.swift */,
				D629125126AD3CC4000C5732 /* FavouriteFoodViewController.swift */,
			);
			path = ViewControllers;
			sourceTree = "<group>";
		};
		D629124E26AD3C4C000C5732 /* Stroyboards */ = {
			isa = PBXGroup;
			children = (
				D629122826AD35AC000C5732 /* LaunchScreen.storyboard */,
				D629122326AD35AB000C5732 /* Main.storyboard */,
			);
			path = Stroyboards;
			sourceTree = "<group>";
		};
		D629125326AD3CCA000C5732 /* View */ = {
			isa = PBXGroup;
			children = (
				D629126326AD7000000C5732 /* LoadingIndicator.swift */,
				D629126526AD712A000C5732 /* LoadingIndicator_ActivityIndicator.swift */,
				D63B9D9426AF06CD0037616C /* MealTableViewCell.swift */,
				D63B9D9026AEFE130037616C /* SwiftUI */,
			);
			path = View;
			sourceTree = "<group>";
		};
		D629125626AD3EF6000C5732 /* Utilities */ = {
			isa = PBXGroup;
			children = (
				D629126726AD717E000C5732 /* Color+Extensions.swift */,
				D63B9D8A26AEAF8B0037616C /* UIImage+Resize.swift */,
				D629125726AD3F76000C5732 /* UIViewController+Storyboard.swift */,
				D629126126AD6CC8000C5732 /* UIImageView+Downloader.swift */,
				D629126F26ADDEB9000C5732 /* UIViewController+ChildController.swift */,
				D63B9D9126AF02AA0037616C /* UIView+AutoLayout.swift */,
			);
			path = Utilities;
			sourceTree = "<group>";
		};
		D629125926AD4F1B000C5732 /* Network */ = {
			isa = PBXGroup;
			children = (
				D629125B26AD62DC000C5732 /* API.swift */,
				D629125D26AD63FE000C5732 /* FoodAPI.swift */,
				D629125F26AD68E1000C5732 /* NetworkManager.swift */,
			);
			path = Network;
			sourceTree = "<group>";
		};
		D629125A26AD4F44000C5732 /* Model */ = {
			isa = PBXGroup;
			children = (
				D629126926AD7F15000C5732 /* Food.swift */,
			);
			path = Model;
			sourceTree = "<group>";
		};
		D63B9D9026AEFE130037616C /* SwiftUI */ = {
			isa = PBXGroup;
			children = (
				D629126B26ADD453000C5732 /* FoodDetailView.swift */,
				D63B9D8C26AEB4950037616C /* HeaderView.swift */,
				D63B9D8E26AED9D30037616C /* DescriptionView.swift */,
				D629126D26ADD575000C5732 /* ListView.swift */,
				D629127C26ADEA1E000C5732 /* AsyncImage.swift */,
			);
			path = SwiftUI;
			sourceTree = "<group>";
		};
		D63B9D9326AF065B0037616C /* XIBs */ = {
			isa = PBXGroup;
			children = (
				D63B9D9526AF06CD0037616C /* MealTableViewCell.xib */,
			);
			path = XIBs;
			sourceTree = "<group>";
		};
/* End PBXGroup section */

/* Begin PBXNativeTarget section */
		D629121926AD35AA000C5732 /* FoodyCookBook */ = {
			isa = PBXNativeTarget;
			buildConfigurationList = D629124426AD35AC000C5732 /* Build configuration list for PBXNativeTarget "FoodyCookBook" */;
			buildPhases = (
				D629121626AD35AA000C5732 /* Sources */,
				D629121726AD35AA000C5732 /* Frameworks */,
				D629121826AD35AA000C5732 /* Resources */,
			);
			buildRules = (
			);
			dependencies = (
			);
			name = FoodyCookBook;
			productName = FoodyCookBook;
			productReference = D629121A26AD35AA000C5732 /* FoodyCookBook.app */;
			productType = "com.apple.product-type.application";
		};
		D629122F26AD35AC000C5732 /* FoodyCookBookTests */ = {
			isa = PBXNativeTarget;
			buildConfigurationList = D629124726AD35AC000C5732 /* Build configuration list for PBXNativeTarget "FoodyCookBookTests" */;
			buildPhases = (
				D629122C26AD35AC000C5732 /* Sources */,
				D629122D26AD35AC000C5732 /* Frameworks */,
				D629122E26AD35AC000C5732 /* Resources */,
			);
			buildRules = (
			);
			dependencies = (
				D629123226AD35AC000C5732 /* PBXTargetDependency */,
			);
			name = FoodyCookBookTests;
			productName = FoodyCookBookTests;
			productReference = D629123026AD35AC000C5732 /* FoodyCookBookTests.xctest */;
			productType = "com.apple.product-type.bundle.unit-test";
		};
/* End PBXNativeTarget section */

/* Begin PBXProject section */
		D629121226AD35AA000C5732 /* Project object */ = {
			isa = PBXProject;
			attributes = {
				LastSwiftUpdateCheck = 1250;
				LastUpgradeCheck = 1250;
				TargetAttributes = {
					D629121926AD35AA000C5732 = {
						CreatedOnToolsVersion = 12.5;
					};
					D629122F26AD35AC000C5732 = {
						CreatedOnToolsVersion = 12.5;
						TestTargetID = D629121926AD35AA000C5732;
					};
				};
			};
			buildConfigurationList = D629121526AD35AA000C5732 /* Build configuration list for PBXProject "FoodyCookBook" */;
			compatibilityVersion = "Xcode 9.3";
			developmentRegion = en;
			hasScannedForEncodings = 0;
			knownRegions = (
				en,
				Base,
			);
			mainGroup = D629121126AD35AA000C5732;
			productRefGroup = D629121B26AD35AA000C5732 /* Products */;
			projectDirPath = "";
			projectRoot = "";
			targets = (
				D629121926AD35AA000C5732 /* FoodyCookBook */,
				D629122F26AD35AC000C5732 /* FoodyCookBookTests */,
			);
		};
/* End PBXProject section */

/* Begin PBXResourcesBuildPhase section */
		D629121826AD35AA000C5732 /* Resources */ = {
			isa = PBXResourcesBuildPhase;
			buildActionMask = 2147483647;
			files = (
				D63B9D9726AF06CD0037616C /* MealTableViewCell.xib in Resources */,
				D629122A26AD35AC000C5732 /* LaunchScreen.storyboard in Resources */,
				D629122726AD35AC000C5732 /* Assets.xcassets in Resources */,
				D629122526AD35AB000C5732 /* Main.storyboard in Resources */,
			);
			runOnlyForDeploymentPostprocessing = 0;
		};
		D629122E26AD35AC000C5732 /* Resources */ = {
			isa = PBXResourcesBuildPhase;
			buildActionMask = 2147483647;
			files = (
			);
			runOnlyForDeploymentPostprocessing = 0;
		};
/* End PBXResourcesBuildPhase section */

/* Begin PBXSourcesBuildPhase section */
		D629121626AD35AA000C5732 /* Sources */ = {
			isa = PBXSourcesBuildPhase;
			buildActionMask = 2147483647;
			files = (
				D63B9D9226AF02AA0037616C /* UIView+AutoLayout.swift in Sources */,
				D629126426AD7000000C5732 /* LoadingIndicator.swift in Sources */,
				D629125226AD3CC4000C5732 /* FavouriteFoodViewController.swift in Sources */,
				D629122226AD35AB000C5732 /* FoodViewController.swift in Sources */,
				D629126E26ADD575000C5732 /* ListView.swift in Sources */,
				D629126026AD68E1000C5732 /* NetworkManager.swift in Sources */,
				D629125E26AD63FE000C5732 /* FoodAPI.swift in Sources */,
				D629126C26ADD453000C5732 /* FoodDetailView.swift in Sources */,
				D63B9D8F26AED9D30037616C /* DescriptionView.swift in Sources */,
				D629127026ADDEB9000C5732 /* UIViewController+ChildController.swift in Sources */,
				D629121E26AD35AA000C5732 /* AppDelegate.swift in Sources */,
				D629126226AD6CC8000C5732 /* UIImageView+Downloader.swift in Sources */,
				D629125026AD3CAF000C5732 /* SearchFoodViewController.swift in Sources */,
				D629122026AD35AA000C5732 /* SceneDelegate.swift in Sources */,
				D629126A26AD7F15000C5732 /* Food.swift in Sources */,
				D63B9D8D26AEB4950037616C /* HeaderView.swift in Sources */,
				D63B9D8B26AEAF8B0037616C /* UIImage+Resize.swift in Sources */,
				D629125826AD3F76000C5732 /* UIViewController+Storyboard.swift in Sources */,
				D629125C26AD62DC000C5732 /* API.swift in Sources */,
				D629127D26ADEA1E000C5732 /* AsyncImage.swift in Sources */,
				D63B9D9626AF06CD0037616C /* MealTableViewCell.swift in Sources */,
				D629126826AD717E000C5732 /* Color+Extensions.swift in Sources */,
				D629126626AD712A000C5732 /* LoadingIndicator_ActivityIndicator.swift in Sources */,
				D629125526AD3DE6000C5732 /* HomeViewController.swift in Sources */,
			);
			runOnlyForDeploymentPostprocessing = 0;
		};
		D629122C26AD35AC000C5732 /* Sources */ = {
			isa = PBXSourcesBuildPhase;
			buildActionMask = 2147483647;
			files = (
				D629123526AD35AC000C5732 /* FoodyCookBookTests.swift in Sources */,
			);
			runOnlyForDeploymentPostprocessing = 0;
		};
/* End PBXSourcesBuildPhase section */

/* Begin PBXTargetDependency section */
		D629123226AD35AC000C5732 /* PBXTargetDependency */ = {
			isa = PBXTargetDependency;
			target = D629121926AD35AA000C5732 /* FoodyCookBook */;
			targetProxy = D629123126AD35AC000C5732 /* PBXContainerItemProxy */;
		};
/* End PBXTargetDependency section */

/* Begin PBXVariantGroup section */
		D629122326AD35AB000C5732 /* Main.storyboard */ = {
			isa = PBXVariantGroup;
			children = (
				D629122426AD35AB000C5732 /* Base */,
			);
			name = Main.storyboard;
			sourceTree = "<group>";
		};
		D629122826AD35AC000C5732 /* LaunchScreen.storyboard */ = {
			isa = PBXVariantGroup;
			children = (
				D629122926AD35AC000C5732 /* Base */,
			);
			name = LaunchScreen.storyboard;
			sourceTree = "<group>";
		};
/* End PBXVariantGroup section */

/* Begin XCBuildConfiguration section */
		D629124226AD35AC000C5732 /* Debug */ = {
			isa = XCBuildConfiguration;
			buildSettings = {
				ALWAYS_SEARCH_USER_PATHS = NO;
				CLANG_ANALYZER_NONNULL = YES;
				CLANG_ANALYZER_NUMBER_OBJECT_CONVERSION = YES_AGGRESSIVE;
				CLANG_CXX_LANGUAGE_STANDARD = "gnu++14";
				CLANG_CXX_LIBRARY = "libc++";
				CLANG_ENABLE_MODULES = YES;
				CLANG_ENABLE_OBJC_ARC = YES;
				CLANG_ENABLE_OBJC_WEAK = YES;
				CLANG_WARN_BLOCK_CAPTURE_AUTORELEASING = YES;
				CLANG_WARN_BOOL_CONVERSION = YES;
				CLANG_WARN_COMMA = YES;
				CLANG_WARN_CONSTANT_CONVERSION = YES;
				CLANG_WARN_DEPRECATED_OBJC_IMPLEMENTATIONS = YES;
				CLANG_WARN_DIRECT_OBJC_ISA_USAGE = YES_ERROR;
				CLANG_WARN_DOCUMENTATION_COMMENTS = YES;
				CLANG_WARN_EMPTY_BODY = YES;
				CLANG_WARN_ENUM_CONVERSION = YES;
				CLANG_WARN_INFINITE_RECURSION = YES;
				CLANG_WARN_INT_CONVERSION = YES;
				CLANG_WARN_NON_LITERAL_NULL_CONVERSION = YES;
				CLANG_WARN_OBJC_IMPLICIT_RETAIN_SELF = YES;
				CLANG_WARN_OBJC_LITERAL_CONVERSION = YES;
				CLANG_WARN_OBJC_ROOT_CLASS = YES_ERROR;
				CLANG_WARN_QUOTED_INCLUDE_IN_FRAMEWORK_HEADER = YES;
				CLANG_WARN_RANGE_LOOP_ANALYSIS = YES;
				CLANG_WARN_STRICT_PROTOTYPES = YES;
				CLANG_WARN_SUSPICIOUS_MOVE = YES;
				CLANG_WARN_UNGUARDED_AVAILABILITY = YES_AGGRESSIVE;
				CLANG_WARN_UNREACHABLE_CODE = YES;
				CLANG_WARN__DUPLICATE_METHOD_MATCH = YES;
				COPY_PHASE_STRIP = NO;
				DEBUG_INFORMATION_FORMAT = dwarf;
				ENABLE_STRICT_OBJC_MSGSEND = YES;
				ENABLE_TESTABILITY = YES;
				GCC_C_LANGUAGE_STANDARD = gnu11;
				GCC_DYNAMIC_NO_PIC = NO;
				GCC_NO_COMMON_BLOCKS = YES;
				GCC_OPTIMIZATION_LEVEL = 0;
				GCC_PREPROCESSOR_DEFINITIONS = (
					"DEBUG=1",
					"$(inherited)",
				);
				GCC_WARN_64_TO_32_BIT_CONVERSION = YES;
				GCC_WARN_ABOUT_RETURN_TYPE = YES_ERROR;
				GCC_WARN_UNDECLARED_SELECTOR = YES;
				GCC_WARN_UNINITIALIZED_AUTOS = YES_AGGRESSIVE;
				GCC_WARN_UNUSED_FUNCTION = YES;
				GCC_WARN_UNUSED_VARIABLE = YES;
				IPHONEOS_DEPLOYMENT_TARGET = 13.0;
				MTL_ENABLE_DEBUG_INFO = INCLUDE_SOURCE;
				MTL_FAST_MATH = YES;
				ONLY_ACTIVE_ARCH = YES;
				SDKROOT = iphoneos;
				SWIFT_ACTIVE_COMPILATION_CONDITIONS = DEBUG;
				SWIFT_OPTIMIZATION_LEVEL = "-Onone";
			};
			name = Debug;
		};
		D629124326AD35AC000C5732 /* Release */ = {
			isa = XCBuildConfiguration;
			buildSettings = {
				ALWAYS_SEARCH_USER_PATHS = NO;
				CLANG_ANALYZER_NONNULL = YES;
				CLANG_ANALYZER_NUMBER_OBJECT_CONVERSION = YES_AGGRESSIVE;
				CLANG_CXX_LANGUAGE_STANDARD = "gnu++14";
				CLANG_CXX_LIBRARY = "libc++";
				CLANG_ENABLE_MODULES = YES;
				CLANG_ENABLE_OBJC_ARC = YES;
				CLANG_ENABLE_OBJC_WEAK = YES;
				CLANG_WARN_BLOCK_CAPTURE_AUTORELEASING = YES;
				CLANG_WARN_BOOL_CONVERSION = YES;
				CLANG_WARN_COMMA = YES;
				CLANG_WARN_CONSTANT_CONVERSION = YES;
				CLANG_WARN_DEPRECATED_OBJC_IMPLEMENTATIONS = YES;
				CLANG_WARN_DIRECT_OBJC_ISA_USAGE = YES_ERROR;
				CLANG_WARN_DOCUMENTATION_COMMENTS = YES;
				CLANG_WARN_EMPTY_BODY = YES;
				CLANG_WARN_ENUM_CONVERSION = YES;
				CLANG_WARN_INFINITE_RECURSION = YES;
				CLANG_WARN_INT_CONVERSION = YES;
				CLANG_WARN_NON_LITERAL_NULL_CONVERSION = YES;
				CLANG_WARN_OBJC_IMPLICIT_RETAIN_SELF = YES;
				CLANG_WARN_OBJC_LITERAL_CONVERSION = YES;
				CLANG_WARN_OBJC_ROOT_CLASS = YES_ERROR;
				CLANG_WARN_QUOTED_INCLUDE_IN_FRAMEWORK_HEADER = YES;
				CLANG_WARN_RANGE_LOOP_ANALYSIS = YES;
				CLANG_WARN_STRICT_PROTOTYPES = YES;
				CLANG_WARN_SUSPICIOUS_MOVE = YES;
				CLANG_WARN_UNGUARDED_AVAILABILITY = YES_AGGRESSIVE;
				CLANG_WARN_UNREACHABLE_CODE = YES;
				CLANG_WARN__DUPLICATE_METHOD_MATCH = YES;
				COPY_PHASE_STRIP = NO;
				DEBUG_INFORMATION_FORMAT = "dwarf-with-dsym";
				ENABLE_NS_ASSERTIONS = NO;
				ENABLE_STRICT_OBJC_MSGSEND = YES;
				GCC_C_LANGUAGE_STANDARD = gnu11;
				GCC_NO_COMMON_BLOCKS = YES;
				GCC_WARN_64_TO_32_BIT_CONVERSION = YES;
				GCC_WARN_ABOUT_RETURN_TYPE = YES_ERROR;
				GCC_WARN_UNDECLARED_SELECTOR = YES;
				GCC_WARN_UNINITIALIZED_AUTOS = YES_AGGRESSIVE;
				GCC_WARN_UNUSED_FUNCTION = YES;
				GCC_WARN_UNUSED_VARIABLE = YES;
				IPHONEOS_DEPLOYMENT_TARGET = 13.0;
				MTL_ENABLE_DEBUG_INFO = NO;
				MTL_FAST_MATH = YES;
				SDKROOT = iphoneos;
				SWIFT_COMPILATION_MODE = wholemodule;
				SWIFT_OPTIMIZATION_LEVEL = "-O";
				VALIDATE_PRODUCT = YES;
			};
			name = Release;
		};
		D629124526AD35AC000C5732 /* Debug */ = {
			isa = XCBuildConfiguration;
			buildSettings = {
				ASSETCATALOG_COMPILER_APPICON_NAME = AppIcon;
				ASSETCATALOG_COMPILER_GLOBAL_ACCENT_COLOR_NAME = AccentColor;
				CODE_SIGN_STYLE = Automatic;
				DEVELOPMENT_TEAM = B6LN4XWA2V;
				INFOPLIST_FILE = FoodyCookBook/Info.plist;
				IPHONEOS_DEPLOYMENT_TARGET = 13.0;
				LD_RUNPATH_SEARCH_PATHS = (
					"$(inherited)",
					"@executable_path/Frameworks",
				);
				PRODUCT_BUNDLE_IDENTIFIER = com.va.FoodyCookBook;
				PRODUCT_NAME = "$(TARGET_NAME)";
				SWIFT_VERSION = 5.0;
				TARGETED_DEVICE_FAMILY = "1,2";
			};
			name = Debug;
		};
		D629124626AD35AC000C5732 /* Release */ = {
			isa = XCBuildConfiguration;
			buildSettings = {
				ASSETCATALOG_COMPILER_APPICON_NAME = AppIcon;
				ASSETCATALOG_COMPILER_GLOBAL_ACCENT_COLOR_NAME = AccentColor;
				CODE_SIGN_STYLE = Automatic;
				DEVELOPMENT_TEAM = B6LN4XWA2V;
				INFOPLIST_FILE = FoodyCookBook/Info.plist;
				IPHONEOS_DEPLOYMENT_TARGET = 13.0;
				LD_RUNPATH_SEARCH_PATHS = (
					"$(inherited)",
					"@executable_path/Frameworks",
				);
				PRODUCT_BUNDLE_IDENTIFIER = com.va.FoodyCookBook;
				PRODUCT_NAME = "$(TARGET_NAME)";
				SWIFT_VERSION = 5.0;
				TARGETED_DEVICE_FAMILY = "1,2";
			};
			name = Release;
		};
		D629124826AD35AC000C5732 /* Debug */ = {
			isa = XCBuildConfiguration;
			buildSettings = {
				ALWAYS_EMBED_SWIFT_STANDARD_LIBRARIES = YES;
				BUNDLE_LOADER = "$(TEST_HOST)";
				CODE_SIGN_STYLE = Automatic;
				DEVELOPMENT_TEAM = B6LN4XWA2V;
				INFOPLIST_FILE = FoodyCookBookTests/Info.plist;
				IPHONEOS_DEPLOYMENT_TARGET = 14.5;
				LD_RUNPATH_SEARCH_PATHS = (
					"$(inherited)",
					"@executable_path/Frameworks",
					"@loader_path/Frameworks",
				);
				PRODUCT_BUNDLE_IDENTIFIER = com.va.FoodyCookBookTests;
				PRODUCT_NAME = "$(TARGET_NAME)";
				SWIFT_VERSION = 5.0;
				TARGETED_DEVICE_FAMILY = "1,2";
				TEST_HOST = "$(BUILT_PRODUCTS_DIR)/FoodyCookBook.app/FoodyCookBook";
			};
			name = Debug;
		};
		D629124926AD35AC000C5732 /* Release */ = {
			isa = XCBuildConfiguration;
			buildSettings = {
				ALWAYS_EMBED_SWIFT_STANDARD_LIBRARIES = YES;
				BUNDLE_LOADER = "$(TEST_HOST)";
				CODE_SIGN_STYLE = Automatic;
				DEVELOPMENT_TEAM = B6LN4XWA2V;
				INFOPLIST_FILE = FoodyCookBookTests/Info.plist;
				IPHONEOS_DEPLOYMENT_TARGET = 14.5;
				LD_RUNPATH_SEARCH_PATHS = (
					"$(inherited)",
					"@executable_path/Frameworks",
					"@loader_path/Frameworks",
				);
				PRODUCT_BUNDLE_IDENTIFIER = com.va.FoodyCookBookTests;
				PRODUCT_NAME = "$(TARGET_NAME)";
				SWIFT_VERSION = 5.0;
				TARGETED_DEVICE_FAMILY = "1,2";
				TEST_HOST = "$(BUILT_PRODUCTS_DIR)/FoodyCookBook.app/FoodyCookBook";
			};
			name = Release;
		};
/* End XCBuildConfiguration section */

/* Begin XCConfigurationList section */
		D629121526AD35AA000C5732 /* Build configuration list for PBXProject "FoodyCookBook" */ = {
			isa = XCConfigurationList;
			buildConfigurations = (
				D629124226AD35AC000C5732 /* Debug */,
				D629124326AD35AC000C5732 /* Release */,
			);
			defaultConfigurationIsVisible = 0;
			defaultConfigurationName = Release;
		};
		D629124426AD35AC000C5732 /* Build configuration list for PBXNativeTarget "FoodyCookBook" */ = {
			isa = XCConfigurationList;
			buildConfigurations = (
				D629124526AD35AC000C5732 /* Debug */,
				D629124626AD35AC000C5732 /* Release */,
			);
			defaultConfigurationIsVisible = 0;
			defaultConfigurationName = Release;
		};
		D629124726AD35AC000C5732 /* Build configuration list for PBXNativeTarget "FoodyCookBookTests" */ = {
			isa = XCConfigurationList;
			buildConfigurations = (
				D629124826AD35AC000C5732 /* Debug */,
				D629124926AD35AC000C5732 /* Release */,
			);
			defaultConfigurationIsVisible = 0;
			defaultConfigurationName = Release;
		};
/* End XCConfigurationList section */
	};
	rootObject = D629121226AD35AA000C5732 /* Project object */;
}
